// !$*UTF8*$!
{
	archiveVersion = 1;
	classes = {
	};
	objectVersion = 56;
	objects = {

/* Begin PBXBuildFile section */
		745077EF2B0135E100B7BEEE /* Tic_tac_toeApp.swift in Sources */ = {isa = PBXBuildFile; fileRef = 745077EE2B0135E100B7BEEE /* Tic_tac_toeApp.swift */; };
		745077F12B0135E100B7BEEE /* PresentView.swift in Sources */ = {isa = PBXBuildFile; fileRef = 745077F02B0135E100B7BEEE /* PresentView.swift */; };
		745077F32B0135E200B7BEEE /* Assets.xcassets in Resources */ = {isa = PBXBuildFile; fileRef = 745077F22B0135E200B7BEEE /* Assets.xcassets */; };
		745077F62B0135E200B7BEEE /* Preview Assets.xcassets in Resources */ = {isa = PBXBuildFile; fileRef = 745077F52B0135E200B7BEEE /* Preview Assets.xcassets */; };
		745077FD2B0137D500B7BEEE /* GameView.swift in Sources */ = {isa = PBXBuildFile; fileRef = 745077FC2B0137D500B7BEEE /* GameView.swift */; };
		749B93A02B0A1E1800B0AA10 /* GameViewModel.swift in Sources */ = {isa = PBXBuildFile; fileRef = 749B939F2B0A1E1800B0AA10 /* GameViewModel.swift */; };
		749B93A42B0A229D00B0AA10 /* GameSquareView.swift in Sources */ = {isa = PBXBuildFile; fileRef = 749B93A32B0A229D00B0AA10 /* GameSquareView.swift */; };
		749B93A92B0A22F600B0AA10 /* Move.swift in Sources */ = {isa = PBXBuildFile; fileRef = 749B93A82B0A22F600B0AA10 /* Move.swift */; };
		749B93AB2B0A230E00B0AA10 /* Player.swift in Sources */ = {isa = PBXBuildFile; fileRef = 749B93AA2B0A230E00B0AA10 /* Player.swift */; };
		749B93AD2B0A232F00B0AA10 /* PlayerIndicatior.swift in Sources */ = {isa = PBXBuildFile; fileRef = 749B93AC2B0A232F00B0AA10 /* PlayerIndicatior.swift */; };
		74ED4BAB2B02771600DEBD90 /* Alerts.swift in Sources */ = {isa = PBXBuildFile; fileRef = 74ED4BAA2B02771600DEBD90 /* Alerts.swift */; };
/* End PBXBuildFile section */

/* Begin PBXFileReference section */
		745077EB2B0135E100B7BEEE /* Tic-tac-toe.app */ = {isa = PBXFileReference; explicitFileType = wrapper.application; includeInIndex = 0; path = "Tic-tac-toe.app"; sourceTree = BUILT_PRODUCTS_DIR; };
		745077EE2B0135E100B7BEEE /* Tic_tac_toeApp.swift */ = {isa = PBXFileReference; lastKnownFileType = sourcecode.swift; path = Tic_tac_toeApp.swift; sourceTree = "<group>"; };
		745077F02B0135E100B7BEEE /* PresentView.swift */ = {isa = PBXFileReference; lastKnownFileType = sourcecode.swift; path = PresentView.swift; sourceTree = "<group>"; };
		745077F22B0135E200B7BEEE /* Assets.xcassets */ = {isa = PBXFileReference; lastKnownFileType = folder.assetcatalog; path = Assets.xcassets; sourceTree = "<group>"; };
		745077F52B0135E200B7BEEE /* Preview Assets.xcassets */ = {isa = PBXFileReference; lastKnownFileType = folder.assetcatalog; path = "Preview Assets.xcassets"; sourceTree = "<group>"; };
		745077FC2B0137D500B7BEEE /* GameView.swift */ = {isa = PBXFileReference; lastKnownFileType = sourcecode.swift; path = GameView.swift; sourceTree = "<group>"; };
		749B939F2B0A1E1800B0AA10 /* GameViewModel.swift */ = {isa = PBXFileReference; lastKnownFileType = sourcecode.swift; path = GameViewModel.swift; sourceTree = "<group>"; };
		749B93A32B0A229D00B0AA10 /* GameSquareView.swift */ = {isa = PBXFileReference; lastKnownFileType = sourcecode.swift; path = GameSquareView.swift; sourceTree = "<group>"; };
		749B93A82B0A22F600B0AA10 /* Move.swift */ = {isa = PBXFileReference; lastKnownFileType = sourcecode.swift; path = Move.swift; sourceTree = "<group>"; };
		749B93AA2B0A230E00B0AA10 /* Player.swift */ = {isa = PBXFileReference; lastKnownFileType = sourcecode.swift; path = Player.swift; sourceTree = "<group>"; };
		749B93AC2B0A232F00B0AA10 /* PlayerIndicatior.swift */ = {isa = PBXFileReference; lastKnownFileType = sourcecode.swift; path = PlayerIndicatior.swift; sourceTree = "<group>"; };
		74ED4BAA2B02771600DEBD90 /* Alerts.swift */ = {isa = PBXFileReference; lastKnownFileType = sourcecode.swift; path = Alerts.swift; sourceTree = "<group>"; };
/* End PBXFileReference section */

/* Begin PBXFrameworksBuildPhase section */
		745077E82B0135E100B7BEEE /* Frameworks */ = {
			isa = PBXFrameworksBuildPhase;
			buildActionMask = 2147483647;
			files = (
			);
			runOnlyForDeploymentPostprocessing = 0;
		};
/* End PBXFrameworksBuildPhase section */

/* Begin PBXGroup section */
		745077E22B0135E100B7BEEE = {
			isa = PBXGroup;
			children = (
				745077ED2B0135E100B7BEEE /* Tic-tac-toe */,
				745077EC2B0135E100B7BEEE /* Products */,
			);
			sourceTree = "<group>";
		};
		745077EC2B0135E100B7BEEE /* Products */ = {
			isa = PBXGroup;
			children = (
				745077EB2B0135E100B7BEEE /* Tic-tac-toe.app */,
			);
			name = Products;
			sourceTree = "<group>";
		};
		745077ED2B0135E100B7BEEE /* Tic-tac-toe */ = {
			isa = PBXGroup;
			children = (
				749B93A72B0A22DB00B0AA10 /* Model */,
				749B93A52B0A22BB00B0AA10 /* Utilities */,
				749B93A22B0A227D00B0AA10 /* Views */,
				749B93A12B0A227000B0AA10 /* ViewModel */,
				745077F22B0135E200B7BEEE /* Assets.xcassets */,
				745077F42B0135E200B7BEEE /* Preview Content */,
			);
			path = "Tic-tac-toe";
			sourceTree = "<group>";
		};
		745077F42B0135E200B7BEEE /* Preview Content */ = {
			isa = PBXGroup;
			children = (
				745077F52B0135E200B7BEEE /* Preview Assets.xcassets */,
			);
			path = "Preview Content";
			sourceTree = "<group>";
		};
		749B93A12B0A227000B0AA10 /* ViewModel */ = {
			isa = PBXGroup;
			children = (
				749B939F2B0A1E1800B0AA10 /* GameViewModel.swift */,
			);
			path = ViewModel;
			sourceTree = "<group>";
		};
		749B93A22B0A227D00B0AA10 /* Views */ = {
			isa = PBXGroup;
			children = (
				745077F02B0135E100B7BEEE /* PresentView.swift */,
				745077FC2B0137D500B7BEEE /* GameView.swift */,
				749B93A32B0A229D00B0AA10 /* GameSquareView.swift */,
				749B93AC2B0A232F00B0AA10 /* PlayerIndicatior.swift */,
			);
			path = Views;
			sourceTree = "<group>";
		};
		749B93A52B0A22BB00B0AA10 /* Utilities */ = {
			isa = PBXGroup;
			children = (
				745077EE2B0135E100B7BEEE /* Tic_tac_toeApp.swift */,
				74ED4BAA2B02771600DEBD90 /* Alerts.swift */,
			);
			path = Utilities;
			sourceTree = "<group>";
		};
		749B93A72B0A22DB00B0AA10 /* Model */ = {
			isa = PBXGroup;
			children = (
				749B93A82B0A22F600B0AA10 /* Move.swift */,
				749B93AA2B0A230E00B0AA10 /* Player.swift */,
			);
			path = Model;
			sourceTree = "<group>";
		};
/* End PBXGroup section */

/* Begin PBXNativeTarget section */
		745077EA2B0135E100B7BEEE /* Tic-tac-toe */ = {
			isa = PBXNativeTarget;
			buildConfigurationList = 745077F92B0135E200B7BEEE /* Build configuration list for PBXNativeTarget "Tic-tac-toe" */;
			buildPhases = (
				745077E72B0135E100B7BEEE /* Sources */,
				745077E82B0135E100B7BEEE /* Frameworks */,
				745077E92B0135E100B7BEEE /* Resources */,
			);
			buildRules = (
			);
			dependencies = (
			);
			name = "Tic-tac-toe";
			productName = "Tic-tac-toe";
			productReference = 745077EB2B0135E100B7BEEE /* Tic-tac-toe.app */;
			productType = "com.apple.product-type.application";
		};
/* End PBXNativeTarget section */

/* Begin PBXProject section */
		745077E32B0135E100B7BEEE /* Project object */ = {
			isa = PBXProject;
			attributes = {
				BuildIndependentTargetsInParallel = 1;
				LastSwiftUpdateCheck = 1500;
				LastUpgradeCheck = 1500;
				TargetAttributes = {
					745077EA2B0135E100B7BEEE = {
						CreatedOnToolsVersion = 15.0;
					};
				};
			};
			buildConfigurationList = 745077E62B0135E100B7BEEE /* Build configuration list for PBXProject "Tic-tac-toe" */;
			compatibilityVersion = "Xcode 14.0";
			developmentRegion = en;
			hasScannedForEncodings = 0;
			knownRegions = (
				en,
				Base,
			);
			mainGroup = 745077E22B0135E100B7BEEE;
			productRefGroup = 745077EC2B0135E100B7BEEE /* Products */;
			projectDirPath = "";
			projectRoot = "";
			targets = (
				745077EA2B0135E100B7BEEE /* Tic-tac-toe */,
			);
		};
/* End PBXProject section */

/* Begin PBXResourcesBuildPhase section */
		745077E92B0135E100B7BEEE /* Resources */ = {
			isa = PBXResourcesBuildPhase;
			buildActionMask = 2147483647;
			files = (
				745077F62B0135E200B7BEEE /* Preview Assets.xcassets in Resources */,
				745077F32B0135E200B7BEEE /* Assets.xcassets in Resources */,
			);
			runOnlyForDeploymentPostprocessing = 0;
		};
/* End PBXResourcesBuildPhase section */

/* Begin PBXSourcesBuildPhase section */
		745077E72B0135E100B7BEEE /* Sources */ = {
			isa = PBXSourcesBuildPhase;
			buildActionMask = 2147483647;
			files = (
				749B93A92B0A22F600B0AA10 /* Move.swift in Sources */,
				745077F12B0135E100B7BEEE /* PresentView.swift in Sources */,
				745077FD2B0137D500B7BEEE /* GameView.swift in Sources */,
				74ED4BAB2B02771600DEBD90 /* Alerts.swift in Sources */,
				749B93AB2B0A230E00B0AA10 /* Player.swift in Sources */,
				749B93AD2B0A232F00B0AA10 /* PlayerIndicatior.swift in Sources */,
				749B93A42B0A229D00B0AA10 /* GameSquareView.swift in Sources */,
				749B93A02B0A1E1800B0AA10 /* GameViewModel.swift in Sources */,
				745077EF2B0135E100B7BEEE /* Tic_tac_toeApp.swift in Sources */,
			);
			runOnlyForDeploymentPostprocessing = 0;
		};
/* End PBXSourcesBuildPhase section */

/* Begin XCBuildConfiguration section */
		745077F72B0135E200B7BEEE /* Debug */ = {
			isa = XCBuildConfiguration;
			buildSettings = {
				ALWAYS_SEARCH_USER_PATHS = NO;
				ASSETCATALOG_COMPILER_GENERATE_SWIFT_ASSET_SYMBOL_EXTENSIONS = YES;
				CLANG_ANALYZER_NONNULL = YES;
				CLANG_ANALYZER_NUMBER_OBJECT_CONVERSION = YES_AGGRESSIVE;
				CLANG_CXX_LANGUAGE_STANDARD = "gnu++20";
				CLANG_ENABLE_MODULES = YES;
				CLANG_ENABLE_OBJC_ARC = YES;
				CLANG_ENABLE_OBJC_WEAK = YES;
				CLANG_WARN_BLOCK_CAPTURE_AUTORELEASING = YES;
				CLANG_WARN_BOOL_CONVERSION = YES;
				CLANG_WARN_COMMA = YES;
				CLANG_WARN_CONSTANT_CONVERSION = YES;
				CLANG_WARN_DEPRECATED_OBJC_IMPLEMENTATIONS = YES;
				CLANG_WARN_DIRECT_OBJC_ISA_USAGE = YES_ERROR;
				CLANG_WARN_DOCUMENTATION_COMMENTS = YES;
				CLANG_WARN_EMPTY_BODY = YES;
				CLANG_WARN_ENUM_CONVERSION = YES;
				CLANG_WARN_INFINITE_RECURSION = YES;
				CLANG_WARN_INT_CONVERSION = YES;
				CLANG_WARN_NON_LITERAL_NULL_CONVERSION = YES;
				CLANG_WARN_OBJC_IMPLICIT_RETAIN_SELF = YES;
				CLANG_WARN_OBJC_LITERAL_CONVERSION = YES;
				CLANG_WARN_OBJC_ROOT_CLASS = YES_ERROR;
				CLANG_WARN_QUOTED_INCLUDE_IN_FRAMEWORK_HEADER = YES;
				CLANG_WARN_RANGE_LOOP_ANALYSIS = YES;
				CLANG_WARN_STRICT_PROTOTYPES = YES;
				CLANG_WARN_SUSPICIOUS_MOVE = YES;
				CLANG_WARN_UNGUARDED_AVAILABILITY = YES_AGGRESSIVE;
				CLANG_WARN_UNREACHABLE_CODE = YES;
				CLANG_WARN__DUPLICATE_METHOD_MATCH = YES;
				COPY_PHASE_STRIP = NO;
				DEBUG_INFORMATION_FORMAT = dwarf;
				ENABLE_STRICT_OBJC_MSGSEND = YES;
				ENABLE_TESTABILITY = YES;
				ENABLE_USER_SCRIPT_SANDBOXING = YES;
				GCC_C_LANGUAGE_STANDARD = gnu17;
				GCC_DYNAMIC_NO_PIC = NO;
				GCC_NO_COMMON_BLOCKS = YES;
				GCC_OPTIMIZATION_LEVEL = 0;
				GCC_PREPROCESSOR_DEFINITIONS = (
					"DEBUG=1",
					"$(inherited)",
				);
				GCC_WARN_64_TO_32_BIT_CONVERSION = YES;
				GCC_WARN_ABOUT_RETURN_TYPE = YES_ERROR;
				GCC_WARN_UNDECLARED_SELECTOR = YES;
				GCC_WARN_UNINITIALIZED_AUTOS = YES_AGGRESSIVE;
				GCC_WARN_UNUSED_FUNCTION = YES;
				GCC_WARN_UNUSED_VARIABLE = YES;
				IPHONEOS_DEPLOYMENT_TARGET = 17.0;
				LOCALIZATION_PREFERS_STRING_CATALOGS = YES;
				MTL_ENABLE_DEBUG_INFO = INCLUDE_SOURCE;
				MTL_FAST_MATH = YES;
				ONLY_ACTIVE_ARCH = YES;
				SDKROOT = iphoneos;
				SWIFT_ACTIVE_COMPILATION_CONDITIONS = "DEBUG $(inherited)";
				SWIFT_OPTIMIZATION_LEVEL = "-Onone";
			};
			name = Debug;
		};
		745077F82B0135E200B7BEEE /* Release */ = {
			isa = XCBuildConfiguration;
			buildSettings = {
				ALWAYS_SEARCH_USER_PATHS = NO;
				ASSETCATALOG_COMPILER_GENERATE_SWIFT_ASSET_SYMBOL_EXTENSIONS = YES;
				CLANG_ANALYZER_NONNULL = YES;
				CLANG_ANALYZER_NUMBER_OBJECT_CONVERSION = YES_AGGRESSIVE;
				CLANG_CXX_LANGUAGE_STANDARD = "gnu++20";
				CLANG_ENABLE_MODULES = YES;
				CLANG_ENABLE_OBJC_ARC = YES;
				CLANG_ENABLE_OBJC_WEAK = YES;
				CLANG_WARN_BLOCK_CAPTURE_AUTORELEASING = YES;
				CLANG_WARN_BOOL_CONVERSION = YES;
				CLANG_WARN_COMMA = YES;
				CLANG_WARN_CONSTANT_CONVERSION = YES;
				CLANG_WARN_DEPRECATED_OBJC_IMPLEMENTATIONS = YES;
				CLANG_WARN_DIRECT_OBJC_ISA_USAGE = YES_ERROR;
				CLANG_WARN_DOCUMENTATION_COMMENTS = YES;
				CLANG_WARN_EMPTY_BODY = YES;
				CLANG_WARN_ENUM_CONVERSION = YES;
				CLANG_WARN_INFINITE_RECURSION = YES;
				CLANG_WARN_INT_CONVERSION = YES;
				CLANG_WARN_NON_LITERAL_NULL_CONVERSION = YES;
				CLANG_WARN_OBJC_IMPLICIT_RETAIN_SELF = YES;
				CLANG_WARN_OBJC_LITERAL_CONVERSION = YES;
				CLANG_WARN_OBJC_ROOT_CLASS = YES_ERROR;
				CLANG_WARN_QUOTED_INCLUDE_IN_FRAMEWORK_HEADER = YES;
				CLANG_WARN_RANGE_LOOP_ANALYSIS = YES;
				CLANG_WARN_STRICT_PROTOTYPES = YES;
				CLANG_WARN_SUSPICIOUS_MOVE = YES;
				CLANG_WARN_UNGUARDED_AVAILABILITY = YES_AGGRESSIVE;
				CLANG_WARN_UNREACHABLE_CODE = YES;
				CLANG_WARN__DUPLICATE_METHOD_MATCH = YES;
				COPY_PHASE_STRIP = NO;
				DEBUG_INFORMATION_FORMAT = "dwarf-with-dsym";
				ENABLE_NS_ASSERTIONS = NO;
				ENABLE_STRICT_OBJC_MSGSEND = YES;
				ENABLE_USER_SCRIPT_SANDBOXING = YES;
				GCC_C_LANGUAGE_STANDARD = gnu17;
				GCC_NO_COMMON_BLOCKS = YES;
				GCC_WARN_64_TO_32_BIT_CONVERSION = YES;
				GCC_WARN_ABOUT_RETURN_TYPE = YES_ERROR;
				GCC_WARN_UNDECLARED_SELECTOR = YES;
				GCC_WARN_UNINITIALIZED_AUTOS = YES_AGGRESSIVE;
				GCC_WARN_UNUSED_FUNCTION = YES;
				GCC_WARN_UNUSED_VARIABLE = YES;
				IPHONEOS_DEPLOYMENT_TARGET = 17.0;
				LOCALIZATION_PREFERS_STRING_CATALOGS = YES;
				MTL_ENABLE_DEBUG_INFO = NO;
				MTL_FAST_MATH = YES;
				SDKROOT = iphoneos;
				SWIFT_COMPILATION_MODE = wholemodule;
				VALIDATE_PRODUCT = YES;
			};
			name = Release;
		};
		745077FA2B0135E200B7BEEE /* Debug */ = {
			isa = XCBuildConfiguration;
			buildSettings = {
				ASSETCATALOG_COMPILER_APPICON_NAME = AppIcon;
				ASSETCATALOG_COMPILER_GLOBAL_ACCENT_COLOR_NAME = AccentColor;
				CODE_SIGN_STYLE = Automatic;
				CURRENT_PROJECT_VERSION = 1;
				DEVELOPMENT_ASSET_PATHS = "\"Tic-tac-toe/Preview Content\"";
				DEVELOPMENT_TEAM = S7F4CE38XT;
				ENABLE_PREVIEWS = YES;
				GENERATE_INFOPLIST_FILE = YES;
				INFOPLIST_KEY_UIApplicationSceneManifest_Generation = YES;
				INFOPLIST_KEY_UIApplicationSupportsIndirectInputEvents = YES;
				INFOPLIST_KEY_UILaunchScreen_Generation = YES;
				INFOPLIST_KEY_UISupportedInterfaceOrientations_iPad = "UIInterfaceOrientationPortrait UIInterfaceOrientationPortraitUpsideDown UIInterfaceOrientationLandscapeLeft UIInterfaceOrientationLandscapeRight";
				INFOPLIST_KEY_UISupportedInterfaceOrientations_iPhone = "UIInterfaceOrientationPortrait UIInterfaceOrientationLandscapeLeft UIInterfaceOrientationLandscapeRight";
				LD_RUNPATH_SEARCH_PATHS = (
					"$(inherited)",
					"@executable_path/Frameworks",
				);
				MARKETING_VERSION = 1.0;
				PRODUCT_BUNDLE_IDENTIFIER = "com.OlegZhovtanskyi.Tic-tac-toe";
				PRODUCT_NAME = "$(TARGET_NAME)";
				SWIFT_EMIT_LOC_STRINGS = YES;
				SWIFT_VERSION = 5.0;
				TARGETED_DEVICE_FAMILY = "1,2";
			};
			name = Debug;
		};
		745077FB2B0135E200B7BEEE /* Release */ = {
			isa = XCBuildConfiguration;
			buildSettings = {
				ASSETCATALOG_COMPILER_APPICON_NAME = AppIcon;
				ASSETCATALOG_COMPILER_GLOBAL_ACCENT_COLOR_NAME = AccentColor;
				CODE_SIGN_STYLE = Automatic;
				CURRENT_PROJECT_VERSION = 1;
				DEVELOPMENT_ASSET_PATHS = "\"Tic-tac-toe/Preview Content\"";
				DEVELOPMENT_TEAM = S7F4CE38XT;
				ENABLE_PREVIEWS = YES;
				GENERATE_INFOPLIST_FILE = YES;
				INFOPLIST_KEY_UIApplicationSceneManifest_Generation = YES;
				INFOPLIST_KEY_UIApplicationSupportsIndirectInputEvents = YES;
				INFOPLIST_KEY_UILaunchScreen_Generation = YES;
				INFOPLIST_KEY_UISupportedInterfaceOrientations_iPad = "UIInterfaceOrientationPortrait UIInterfaceOrientationPortraitUpsideDown UIInterfaceOrientationLandscapeLeft UIInterfaceOrientationLandscapeRight";
				INFOPLIST_KEY_UISupportedInterfaceOrientations_iPhone = "UIInterfaceOrientationPortrait UIInterfaceOrientationLandscapeLeft UIInterfaceOrientationLandscapeRight";
				LD_RUNPATH_SEARCH_PATHS = (
					"$(inherited)",
					"@executable_path/Frameworks",
				);
				MARKETING_VERSION = 1.0;
				PRODUCT_BUNDLE_IDENTIFIER = "com.OlegZhovtanskyi.Tic-tac-toe";
				PRODUCT_NAME = "$(TARGET_NAME)";
				SWIFT_EMIT_LOC_STRINGS = YES;
				SWIFT_VERSION = 5.0;
				TARGETED_DEVICE_FAMILY = "1,2";
			};
			name = Release;
		};
/* End XCBuildConfiguration section */

/* Begin XCConfigurationList section */
		745077E62B0135E100B7BEEE /* Build configuration list for PBXProject "Tic-tac-toe" */ = {
			isa = XCConfigurationList;
			buildConfigurations = (
				745077F72B0135E200B7BEEE /* Debug */,
				745077F82B0135E200B7BEEE /* Release */,
			);
			defaultConfigurationIsVisible = 0;
			defaultConfigurationName = Release;
		};
		745077F92B0135E200B7BEEE /* Build configuration list for PBXNativeTarget "Tic-tac-toe" */ = {
			isa = XCConfigurationList;
			buildConfigurations = (
				745077FA2B0135E200B7BEEE /* Debug */,
				745077FB2B0135E200B7BEEE /* Release */,
			);
			defaultConfigurationIsVisible = 0;
			defaultConfigurationName = Release;
		};
/* End XCConfigurationList section */
	};
	rootObject = 745077E32B0135E100B7BEEE /* Project object */;
}
